
Microsoft Visual Studio Solution File, Format Version 12.00
# Visual Studio Version 17
VisualStudioVersion = 17.9.34607.119
MinimumVisualStudioVersion = 10.0.40219.1
Project("{FAE04EC0-301F-11D3-BF4B-00C04F79EFBC}") = "AimeNdumuhire_st10255663_POE", "AimeNdumuhire_st10255663_POE\AimeNdumuhire_st10255663_POE.csproj", "{624C3294-9FDD-42DB-BDB9-EFCE749525AF}"
EndProject
Global
	GlobalSection(SolutionConfigurationPlatforms) = preSolution
		Debug|Any CPU = Debug|Any CPU
		Release|Any CPU = Release|Any CPU
	EndGlobalSection
	GlobalSection(ProjectConfigurationPlatforms) = postSolution
		{624C3294-9FDD-42DB-BDB9-EFCE749525AF}.Debug|Any CPU.ActiveCfg = Debug|Any CPU
		{624C3294-9FDD-42DB-BDB9-EFCE749525AF}.Debug|Any CPU.Build.0 = Debug|Any CPU
		{624C3294-9FDD-42DB-BDB9-EFCE749525AF}.Release|Any CPU.ActiveCfg = Release|Any CPU
		{624C3294-9FDD-42DB-BDB9-EFCE749525AF}.Release|Any CPU.Build.0 = Release|Any CPU
	EndGlobalSection
	GlobalSection(SolutionProperties) = preSolution
		HideSolutionNode = FALSE
	EndGlobalSection
	GlobalSection(ExtensibilityGlobals) = postSolution
		SolutionGuid = {BC5F20CF-E10B-4757-B642-7E4261B6202C}
	EndGlobalSection
EndGlobal
